
Microsoft Visual Studio Solution File, Format Version 10.00
# Visual Studio 2008
Project("{F184B08F-C81C-45F6-A57F-5ABD9991F28F}") = "LibraryDAL", "LibraryDAL\LibraryDAL.vbproj", "{3A9BE03C-18AE-4630-B8BD-264D260083C6}"
EndProject
Project("{2150E333-8FDC-42A3-9474-1A3956D46DE8}") = "Inbound", "Inbound", "{07EA5D14-8070-42C9-83A8-C91CDDD33A29}"
EndProject
Project("{2150E333-8FDC-42A3-9474-1A3956D46DE8}") = "Outbound", "Outbound", "{E5B85773-04A3-41AA-B7A1-AD3193EE50E5}"
EndProject
Project("{F184B08F-C81C-45F6-A57F-5ABD9991F28F}") = "InsertMOSvc", "Inbound\InsertMO\InsertMOSvc.vbproj", "{FB9C9C86-9433-4E1A-B06E-2B9248054C9E}"
EndProject
Project("{F184B08F-C81C-45F6-A57F-5ABD9991F28F}") = "MO_Death", "Inbound\MO_Death\MO_Death.vbproj", "{BFC96F51-369B-4F7B-AAEE-6049F54FDA84}"
	ProjectSection(ProjectDependencies) = postProject
		{A474C494-3EDD-4C61-B54C-1C91E330346C} = {A474C494-3EDD-4C61-B54C-1C91E330346C}
	EndProjectSection
EndProject
Project("{F184B08F-C81C-45F6-A57F-5ABD9991F28F}") = "MO_WCF", "Inbound\MO_WCF\MO_WCF.vbproj", "{A474C494-3EDD-4C61-B54C-1C91E330346C}"
EndProject
Project("{F184B08F-C81C-45F6-A57F-5ABD9991F28F}") = "ReserveKeywordApps", "Inbound\ReserveKeywordApps\ReserveKeywordApps.vbproj", "{DA56CA11-36B2-4B65-9BAA-4AF1CBF2A06E}"
EndProject
Project("{F184B08F-C81C-45F6-A57F-5ABD9991F28F}") = "SmartMOReceive", "Inbound\SmartMOReceive\SmartMOReceive.vbproj", "{5FA81336-3686-446A-BDD5-C7CE11477A3D}"
EndProject
Project("{F184B08F-C81C-45F6-A57F-5ABD9991F28F}") = "SendSMSAPI", "Outbound\SendSMS\SendSMSAPI.vbproj", "{FC152AE8-55EA-49F6-8790-70828F5B141E}"
EndProject
Project("{F184B08F-C81C-45F6-A57F-5ABD9991F28F}") = "SmartMT", "Outbound\SmartMT\SmartMT.vbproj", "{9C533DFF-DAA2-4E6F-B958-F8832FD0F780}"
	ProjectSection(ProjectDependencies) = postProject
		{A474C494-3EDD-4C61-B54C-1C91E330346C} = {A474C494-3EDD-4C61-B54C-1C91E330346C}
	EndProjectSection
EndProject
Project("{F184B08F-C81C-45F6-A57F-5ABD9991F28F}") = "InsertOutbox", "Outbound\InsertOutbox\InsertOutbox.vbproj", "{A0B8626C-2D89-4F33-8D56-9BC76CB23533}"
EndProject
Project("{F184B08F-C81C-45F6-A57F-5ABD9991F28F}") = "MOForwardURL", "Inbound\MOForwardURL\MOForwardURL.vbproj", "{C997D533-5AD7-477E-A253-03EA8C76706B}"
EndProject
Project("{F184B08F-C81C-45F6-A57F-5ABD9991F28F}") = "EGGMODNReceive", "Inbound\EGGMOReceive\EGGMODNReceive.vbproj", "{15EB7CCE-2C18-4027-B6B6-FCAA3853BB2F}"
EndProject
Project("{F184B08F-C81C-45F6-A57F-5ABD9991F28F}") = "EGGMT", "Outbound\EGGMT\EGGMT.vbproj", "{E9399930-AA24-4331-9D0C-86C8D9C317B4}"
EndProject
Project("{F184B08F-C81C-45F6-A57F-5ABD9991F28F}") = "ConsoleApplication1", "ConsoleApplication1\ConsoleApplication1.vbproj", "{B1825AC2-4A94-4648-A447-953DEFDC7265}"
EndProject
Project("{F184B08F-C81C-45F6-A57F-5ABD9991F28F}") = "EGGInsertDN", "Inbound\EGGInsertDN\EGGInsertDN.vbproj", "{0A52BC29-AEBA-4CF5-8DD3-C09452D0CCDD}"
EndProject
Project("{F184B08F-C81C-45F6-A57F-5ABD9991F28F}") = "DNForwardURL", "Outbound\DNForwardURL\DNForwardURL.vbproj", "{495F9A1B-8587-42F9-A18D-E95FC90E0F56}"
EndProject
Project("{F184B08F-C81C-45F6-A57F-5ABD9991F28F}") = "eggTest", "eggTest\eggTest.vbproj", "{3B5B8EDB-6616-42AC-8477-4DF763A5C191}"
EndProject
Project("{2150E333-8FDC-42A3-9474-1A3956D46DE8}") = "Other", "Other", "{A5828874-69A8-4663-BB2A-AB465223D859}"
EndProject
Project("{F184B08F-C81C-45F6-A57F-5ABD9991F28F}") = "EGGMOReplyTest", "EGGMOReplyTest\EGGMOReplyTest.vbproj", "{7200DD9E-41DD-42A5-BB86-133A2ACB0679}"
EndProject
Project("{F184B08F-C81C-45F6-A57F-5ABD9991F28F}") = "EGGSMPP", "Outbound\EGGSMPP\EGGSMPP.vbproj", "{8D564825-2547-4288-956C-9A04508126D3}"
	ProjectSection(ProjectDependencies) = postProject
		{A474C494-3EDD-4C61-B54C-1C91E330346C} = {A474C494-3EDD-4C61-B54C-1C91E330346C}
	EndProjectSection
EndProject
Project("{F184B08F-C81C-45F6-A57F-5ABD9991F28F}") = "SMPPInsertDN", "Inbound\SMPPDNInsert\SMPPInsertDN.vbproj", "{E8B8BDA6-DD82-4942-833D-64BA0C9A88AB}"
EndProject
Project("{F184B08F-C81C-45F6-A57F-5ABD9991F28F}") = "DNForwardMatch", "DNForwardMatch\DNForwardMatch.vbproj", "{1E6A1B2F-2468-436B-BD33-EFEE8A8B989A}"
EndProject
Project("{F184B08F-C81C-45F6-A57F-5ABD9991F28F}") = "EGGMODN_2910", "Inbound\EGGMODN_2910\EGGMODN_2910.vbproj", "{E72342FB-2568-40AC-BAC9-2C0C66B074BF}"
EndProject
Project("{F184B08F-C81C-45F6-A57F-5ABD9991F28F}") = "MO_WCF_2910", "Inbound\MO_WCF_2910\MO_WCF_2910.vbproj", "{225BE6A7-6417-440A-8F40-82F4C90CA40F}"
EndProject
Project("{F184B08F-C81C-45F6-A57F-5ABD9991F28F}") = "EGGMT_2910", "Outbound\EGGMT_2910\EGGMT_2910.vbproj", "{5707A0F5-995F-4FF0-A844-DAE47DF124CC}"
EndProject
Project("{F184B08F-C81C-45F6-A57F-5ABD9991F28F}") = "MO_Death_2910", "Inbound\MO_Death_2910\MO_Death_2910.vbproj", "{A8C1AE2F-2E91-4979-8C34-F6E975E7FFD6}"
EndProject
Project("{2150E333-8FDC-42A3-9474-1A3956D46DE8}") = "SystemCheck", "SystemCheck", "{F56C92A3-5558-4B74-905E-CB93C9F05843}"
EndProject
Project("{F184B08F-C81C-45F6-A57F-5ABD9991F28F}") = "QueueCheck", "QueueCheck\QueueCheck.vbproj", "{8656C320-FB44-436B-BC4C-64604E0347D3}"
EndProject
Project("{F184B08F-C81C-45F6-A57F-5ABD9991F28F}") = "QueueCheck2", "QueueCheck2\QueueCheck2.vbproj", "{7E00AC23-C929-4F62-9FEF-F58845B6B2DE}"
EndProject
Project("{F184B08F-C81C-45F6-A57F-5ABD9991F28F}") = "SunMOMTSvc", "SunMOMTSvc\SunMOMTSvc.vbproj", "{73C10595-0614-46A1-9231-942804273C23}"
EndProject
Project("{F184B08F-C81C-45F6-A57F-5ABD9991F28F}") = "SunUpdateOutbox", "SunUpdateOutbox\SunUpdateOutbox.vbproj", "{15F21846-0639-4412-98A4-43B5B67A633C}"
EndProject
Project("{F184B08F-C81C-45F6-A57F-5ABD9991F28F}") = "EGGMT_BulkSend", "Outbound\EGGMT_BulkSend\EGGMT_BulkSend.vbproj", "{7E5F565A-B2E6-4940-A311-1C3348B726D5}"
EndProject
Project("{F184B08F-C81C-45F6-A57F-5ABD9991F28F}") = "SendSMSAPI_Bulk", "Outbound\SendSMS _Bulk\SendSMSAPI_Bulk.vbproj", "{6A10A47D-53FB-40B5-A1DE-AB51A47ACA52}"
EndProject
Project("{F184B08F-C81C-45F6-A57F-5ABD9991F28F}") = "UpdateOutboxDN", "UpdateOutboxDN\UpdateOutboxDN.vbproj", "{572CB0E8-FF16-48A8-8755-5F4BD7B872A0}"
EndProject
Project("{F184B08F-C81C-45F6-A57F-5ABD9991F28F}") = "InsertOutbox_bulksend", "Outbound\InsertOutbox_bulkSend\InsertOutbox_bulksend.vbproj", "{778EC0D9-7309-44EB-9B53-9936757E18CD}"
EndProject
Project("{F184B08F-C81C-45F6-A57F-5ABD9991F28F}") = "ResendMT", "ResendMT\ResendMT.vbproj", "{75AE5244-4809-4AF0-81F1-C7436CD01D02}"
EndProject
Project("{F184B08F-C81C-45F6-A57F-5ABD9991F28F}") = "CopyRecord", "CopyRecord\CopyRecord.vbproj", "{605E6610-BF5D-493E-A059-CB196A7998AE}"
EndProject
Global
	GlobalSection(SolutionConfigurationPlatforms) = preSolution
		Debug|Any CPU = Debug|Any CPU
		Release|Any CPU = Release|Any CPU
	EndGlobalSection
	GlobalSection(ProjectConfigurationPlatforms) = postSolution
		{3A9BE03C-18AE-4630-B8BD-264D260083C6}.Debug|Any CPU.ActiveCfg = Debug|Any CPU
		{3A9BE03C-18AE-4630-B8BD-264D260083C6}.Debug|Any CPU.Build.0 = Debug|Any CPU
		{3A9BE03C-18AE-4630-B8BD-264D260083C6}.Release|Any CPU.ActiveCfg = Release|Any CPU
		{3A9BE03C-18AE-4630-B8BD-264D260083C6}.Release|Any CPU.Build.0 = Release|Any CPU
		{FB9C9C86-9433-4E1A-B06E-2B9248054C9E}.Debug|Any CPU.ActiveCfg = Debug|Any CPU
		{FB9C9C86-9433-4E1A-B06E-2B9248054C9E}.Debug|Any CPU.Build.0 = Debug|Any CPU
		{FB9C9C86-9433-4E1A-B06E-2B9248054C9E}.Release|Any CPU.ActiveCfg = Release|Any CPU
		{FB9C9C86-9433-4E1A-B06E-2B9248054C9E}.Release|Any CPU.Build.0 = Release|Any CPU
		{BFC96F51-369B-4F7B-AAEE-6049F54FDA84}.Debug|Any CPU.ActiveCfg = Debug|Any CPU
		{BFC96F51-369B-4F7B-AAEE-6049F54FDA84}.Debug|Any CPU.Build.0 = Debug|Any CPU
		{BFC96F51-369B-4F7B-AAEE-6049F54FDA84}.Release|Any CPU.ActiveCfg = Release|Any CPU
		{BFC96F51-369B-4F7B-AAEE-6049F54FDA84}.Release|Any CPU.Build.0 = Release|Any CPU
		{A474C494-3EDD-4C61-B54C-1C91E330346C}.Debug|Any CPU.ActiveCfg = Debug|Any CPU
		{A474C494-3EDD-4C61-B54C-1C91E330346C}.Debug|Any CPU.Build.0 = Debug|Any CPU
		{A474C494-3EDD-4C61-B54C-1C91E330346C}.Release|Any CPU.ActiveCfg = Release|Any CPU
		{A474C494-3EDD-4C61-B54C-1C91E330346C}.Release|Any CPU.Build.0 = Release|Any CPU
		{DA56CA11-36B2-4B65-9BAA-4AF1CBF2A06E}.Debug|Any CPU.ActiveCfg = Debug|Any CPU
		{DA56CA11-36B2-4B65-9BAA-4AF1CBF2A06E}.Debug|Any CPU.Build.0 = Debug|Any CPU
		{DA56CA11-36B2-4B65-9BAA-4AF1CBF2A06E}.Release|Any CPU.ActiveCfg = Release|Any CPU
		{DA56CA11-36B2-4B65-9BAA-4AF1CBF2A06E}.Release|Any CPU.Build.0 = Release|Any CPU
		{5FA81336-3686-446A-BDD5-C7CE11477A3D}.Debug|Any CPU.ActiveCfg = Debug|Any CPU
		{5FA81336-3686-446A-BDD5-C7CE11477A3D}.Debug|Any CPU.Build.0 = Debug|Any CPU
		{5FA81336-3686-446A-BDD5-C7CE11477A3D}.Release|Any CPU.ActiveCfg = Release|Any CPU
		{5FA81336-3686-446A-BDD5-C7CE11477A3D}.Release|Any CPU.Build.0 = Release|Any CPU
		{FC152AE8-55EA-49F6-8790-70828F5B141E}.Debug|Any CPU.ActiveCfg = Debug|Any CPU
		{FC152AE8-55EA-49F6-8790-70828F5B141E}.Debug|Any CPU.Build.0 = Debug|Any CPU
		{FC152AE8-55EA-49F6-8790-70828F5B141E}.Release|Any CPU.ActiveCfg = Release|Any CPU
		{FC152AE8-55EA-49F6-8790-70828F5B141E}.Release|Any CPU.Build.0 = Release|Any CPU
		{9C533DFF-DAA2-4E6F-B958-F8832FD0F780}.Debug|Any CPU.ActiveCfg = Debug|Any CPU
		{9C533DFF-DAA2-4E6F-B958-F8832FD0F780}.Debug|Any CPU.Build.0 = Debug|Any CPU
		{9C533DFF-DAA2-4E6F-B958-F8832FD0F780}.Release|Any CPU.ActiveCfg = Release|Any CPU
		{9C533DFF-DAA2-4E6F-B958-F8832FD0F780}.Release|Any CPU.Build.0 = Release|Any CPU
		{A0B8626C-2D89-4F33-8D56-9BC76CB23533}.Debug|Any CPU.ActiveCfg = Debug|Any CPU
		{A0B8626C-2D89-4F33-8D56-9BC76CB23533}.Debug|Any CPU.Build.0 = Debug|Any CPU
		{A0B8626C-2D89-4F33-8D56-9BC76CB23533}.Release|Any CPU.ActiveCfg = Release|Any CPU
		{A0B8626C-2D89-4F33-8D56-9BC76CB23533}.Release|Any CPU.Build.0 = Release|Any CPU
		{C997D533-5AD7-477E-A253-03EA8C76706B}.Debug|Any CPU.ActiveCfg = Debug|Any CPU
		{C997D533-5AD7-477E-A253-03EA8C76706B}.Debug|Any CPU.Build.0 = Debug|Any CPU
		{C997D533-5AD7-477E-A253-03EA8C76706B}.Release|Any CPU.ActiveCfg = Release|Any CPU
		{C997D533-5AD7-477E-A253-03EA8C76706B}.Release|Any CPU.Build.0 = Release|Any CPU
		{15EB7CCE-2C18-4027-B6B6-FCAA3853BB2F}.Debug|Any CPU.ActiveCfg = Debug|Any CPU
		{15EB7CCE-2C18-4027-B6B6-FCAA3853BB2F}.Debug|Any CPU.Build.0 = Debug|Any CPU
		{15EB7CCE-2C18-4027-B6B6-FCAA3853BB2F}.Release|Any CPU.ActiveCfg = Release|Any CPU
		{15EB7CCE-2C18-4027-B6B6-FCAA3853BB2F}.Release|Any CPU.Build.0 = Release|Any CPU
		{E9399930-AA24-4331-9D0C-86C8D9C317B4}.Debug|Any CPU.ActiveCfg = Debug|Any CPU
		{E9399930-AA24-4331-9D0C-86C8D9C317B4}.Debug|Any CPU.Build.0 = Debug|Any CPU
		{E9399930-AA24-4331-9D0C-86C8D9C317B4}.Release|Any CPU.ActiveCfg = Release|Any CPU
		{E9399930-AA24-4331-9D0C-86C8D9C317B4}.Release|Any CPU.Build.0 = Release|Any CPU
		{B1825AC2-4A94-4648-A447-953DEFDC7265}.Debug|Any CPU.ActiveCfg = Debug|Any CPU
		{B1825AC2-4A94-4648-A447-953DEFDC7265}.Debug|Any CPU.Build.0 = Debug|Any CPU
		{B1825AC2-4A94-4648-A447-953DEFDC7265}.Release|Any CPU.ActiveCfg = Release|Any CPU
		{B1825AC2-4A94-4648-A447-953DEFDC7265}.Release|Any CPU.Build.0 = Release|Any CPU
		{0A52BC29-AEBA-4CF5-8DD3-C09452D0CCDD}.Debug|Any CPU.ActiveCfg = Debug|Any CPU
		{0A52BC29-AEBA-4CF5-8DD3-C09452D0CCDD}.Debug|Any CPU.Build.0 = Debug|Any CPU
		{0A52BC29-AEBA-4CF5-8DD3-C09452D0CCDD}.Release|Any CPU.ActiveCfg = Release|Any CPU
		{0A52BC29-AEBA-4CF5-8DD3-C09452D0CCDD}.Release|Any CPU.Build.0 = Release|Any CPU
		{495F9A1B-8587-42F9-A18D-E95FC90E0F56}.Debug|Any CPU.ActiveCfg = Debug|Any CPU
		{495F9A1B-8587-42F9-A18D-E95FC90E0F56}.Debug|Any CPU.Build.0 = Debug|Any CPU
		{495F9A1B-8587-42F9-A18D-E95FC90E0F56}.Release|Any CPU.ActiveCfg = Release|Any CPU
		{495F9A1B-8587-42F9-A18D-E95FC90E0F56}.Release|Any CPU.Build.0 = Release|Any CPU
		{3B5B8EDB-6616-42AC-8477-4DF763A5C191}.Debug|Any CPU.ActiveCfg = Debug|Any CPU
		{3B5B8EDB-6616-42AC-8477-4DF763A5C191}.Debug|Any CPU.Build.0 = Debug|Any CPU
		{3B5B8EDB-6616-42AC-8477-4DF763A5C191}.Release|Any CPU.ActiveCfg = Release|Any CPU
		{3B5B8EDB-6616-42AC-8477-4DF763A5C191}.Release|Any CPU.Build.0 = Release|Any CPU
		{7200DD9E-41DD-42A5-BB86-133A2ACB0679}.Debug|Any CPU.ActiveCfg = Debug|Any CPU
		{7200DD9E-41DD-42A5-BB86-133A2ACB0679}.Debug|Any CPU.Build.0 = Debug|Any CPU
		{7200DD9E-41DD-42A5-BB86-133A2ACB0679}.Release|Any CPU.ActiveCfg = Release|Any CPU
		{7200DD9E-41DD-42A5-BB86-133A2ACB0679}.Release|Any CPU.Build.0 = Release|Any CPU
		{8D564825-2547-4288-956C-9A04508126D3}.Debug|Any CPU.ActiveCfg = Debug|Any CPU
		{8D564825-2547-4288-956C-9A04508126D3}.Debug|Any CPU.Build.0 = Debug|Any CPU
		{8D564825-2547-4288-956C-9A04508126D3}.Release|Any CPU.ActiveCfg = Release|Any CPU
		{8D564825-2547-4288-956C-9A04508126D3}.Release|Any CPU.Build.0 = Release|Any CPU
		{E8B8BDA6-DD82-4942-833D-64BA0C9A88AB}.Debug|Any CPU.ActiveCfg = Debug|Any CPU
		{E8B8BDA6-DD82-4942-833D-64BA0C9A88AB}.Debug|Any CPU.Build.0 = Debug|Any CPU
		{E8B8BDA6-DD82-4942-833D-64BA0C9A88AB}.Release|Any CPU.ActiveCfg = Release|Any CPU
		{E8B8BDA6-DD82-4942-833D-64BA0C9A88AB}.Release|Any CPU.Build.0 = Release|Any CPU
		{1E6A1B2F-2468-436B-BD33-EFEE8A8B989A}.Debug|Any CPU.ActiveCfg = Debug|Any CPU
		{1E6A1B2F-2468-436B-BD33-EFEE8A8B989A}.Debug|Any CPU.Build.0 = Debug|Any CPU
		{1E6A1B2F-2468-436B-BD33-EFEE8A8B989A}.Release|Any CPU.ActiveCfg = Release|Any CPU
		{1E6A1B2F-2468-436B-BD33-EFEE8A8B989A}.Release|Any CPU.Build.0 = Release|Any CPU
		{E72342FB-2568-40AC-BAC9-2C0C66B074BF}.Debug|Any CPU.ActiveCfg = Debug|Any CPU
		{E72342FB-2568-40AC-BAC9-2C0C66B074BF}.Debug|Any CPU.Build.0 = Debug|Any CPU
		{E72342FB-2568-40AC-BAC9-2C0C66B074BF}.Release|Any CPU.ActiveCfg = Release|Any CPU
		{E72342FB-2568-40AC-BAC9-2C0C66B074BF}.Release|Any CPU.Build.0 = Release|Any CPU
		{225BE6A7-6417-440A-8F40-82F4C90CA40F}.Debug|Any CPU.ActiveCfg = Debug|Any CPU
		{225BE6A7-6417-440A-8F40-82F4C90CA40F}.Debug|Any CPU.Build.0 = Debug|Any CPU
		{225BE6A7-6417-440A-8F40-82F4C90CA40F}.Release|Any CPU.ActiveCfg = Release|Any CPU
		{225BE6A7-6417-440A-8F40-82F4C90CA40F}.Release|Any CPU.Build.0 = Release|Any CPU
		{5707A0F5-995F-4FF0-A844-DAE47DF124CC}.Debug|Any CPU.ActiveCfg = Debug|Any CPU
		{5707A0F5-995F-4FF0-A844-DAE47DF124CC}.Debug|Any CPU.Build.0 = Debug|Any CPU
		{5707A0F5-995F-4FF0-A844-DAE47DF124CC}.Release|Any CPU.ActiveCfg = Release|Any CPU
		{5707A0F5-995F-4FF0-A844-DAE47DF124CC}.Release|Any CPU.Build.0 = Release|Any CPU
		{A8C1AE2F-2E91-4979-8C34-F6E975E7FFD6}.Debug|Any CPU.ActiveCfg = Debug|Any CPU
		{A8C1AE2F-2E91-4979-8C34-F6E975E7FFD6}.Debug|Any CPU.Build.0 = Debug|Any CPU
		{A8C1AE2F-2E91-4979-8C34-F6E975E7FFD6}.Release|Any CPU.ActiveCfg = Release|Any CPU
		{A8C1AE2F-2E91-4979-8C34-F6E975E7FFD6}.Release|Any CPU.Build.0 = Release|Any CPU
		{8656C320-FB44-436B-BC4C-64604E0347D3}.Debug|Any CPU.ActiveCfg = Debug|Any CPU
		{8656C320-FB44-436B-BC4C-64604E0347D3}.Debug|Any CPU.Build.0 = Debug|Any CPU
		{8656C320-FB44-436B-BC4C-64604E0347D3}.Release|Any CPU.ActiveCfg = Release|Any CPU
		{8656C320-FB44-436B-BC4C-64604E0347D3}.Release|Any CPU.Build.0 = Release|Any CPU
		{7E00AC23-C929-4F62-9FEF-F58845B6B2DE}.Debug|Any CPU.ActiveCfg = Debug|Any CPU
		{7E00AC23-C929-4F62-9FEF-F58845B6B2DE}.Debug|Any CPU.Build.0 = Debug|Any CPU
		{7E00AC23-C929-4F62-9FEF-F58845B6B2DE}.Release|Any CPU.ActiveCfg = Release|Any CPU
		{7E00AC23-C929-4F62-9FEF-F58845B6B2DE}.Release|Any CPU.Build.0 = Release|Any CPU
		{73C10595-0614-46A1-9231-942804273C23}.Debug|Any CPU.ActiveCfg = Debug|Any CPU
		{73C10595-0614-46A1-9231-942804273C23}.Debug|Any CPU.Build.0 = Debug|Any CPU
		{73C10595-0614-46A1-9231-942804273C23}.Release|Any CPU.ActiveCfg = Release|Any CPU
		{73C10595-0614-46A1-9231-942804273C23}.Release|Any CPU.Build.0 = Release|Any CPU
		{15F21846-0639-4412-98A4-43B5B67A633C}.Debug|Any CPU.ActiveCfg = Debug|Any CPU
		{15F21846-0639-4412-98A4-43B5B67A633C}.Debug|Any CPU.Build.0 = Debug|Any CPU
		{15F21846-0639-4412-98A4-43B5B67A633C}.Release|Any CPU.ActiveCfg = Release|Any CPU
		{15F21846-0639-4412-98A4-43B5B67A633C}.Release|Any CPU.Build.0 = Release|Any CPU
		{7E5F565A-B2E6-4940-A311-1C3348B726D5}.Debug|Any CPU.ActiveCfg = Debug|Any CPU
		{7E5F565A-B2E6-4940-A311-1C3348B726D5}.Debug|Any CPU.Build.0 = Debug|Any CPU
		{7E5F565A-B2E6-4940-A311-1C3348B726D5}.Release|Any CPU.ActiveCfg = Release|Any CPU
		{7E5F565A-B2E6-4940-A311-1C3348B726D5}.Release|Any CPU.Build.0 = Release|Any CPU
		{6A10A47D-53FB-40B5-A1DE-AB51A47ACA52}.Debug|Any CPU.ActiveCfg = Debug|Any CPU
		{6A10A47D-53FB-40B5-A1DE-AB51A47ACA52}.Debug|Any CPU.Build.0 = Debug|Any CPU
		{6A10A47D-53FB-40B5-A1DE-AB51A47ACA52}.Release|Any CPU.ActiveCfg = Release|Any CPU
		{6A10A47D-53FB-40B5-A1DE-AB51A47ACA52}.Release|Any CPU.Build.0 = Release|Any CPU
		{572CB0E8-FF16-48A8-8755-5F4BD7B872A0}.Debug|Any CPU.ActiveCfg = Debug|Any CPU
		{572CB0E8-FF16-48A8-8755-5F4BD7B872A0}.Debug|Any CPU.Build.0 = Debug|Any CPU
		{572CB0E8-FF16-48A8-8755-5F4BD7B872A0}.Release|Any CPU.ActiveCfg = Release|Any CPU
		{572CB0E8-FF16-48A8-8755-5F4BD7B872A0}.Release|Any CPU.Build.0 = Release|Any CPU
		{778EC0D9-7309-44EB-9B53-9936757E18CD}.Debug|Any CPU.ActiveCfg = Debug|Any CPU
		{778EC0D9-7309-44EB-9B53-9936757E18CD}.Debug|Any CPU.Build.0 = Debug|Any CPU
		{778EC0D9-7309-44EB-9B53-9936757E18CD}.Release|Any CPU.ActiveCfg = Release|Any CPU
		{778EC0D9-7309-44EB-9B53-9936757E18CD}.Release|Any CPU.Build.0 = Release|Any CPU
		{75AE5244-4809-4AF0-81F1-C7436CD01D02}.Debug|Any CPU.ActiveCfg = Debug|Any CPU
		{75AE5244-4809-4AF0-81F1-C7436CD01D02}.Debug|Any CPU.Build.0 = Debug|Any CPU
		{75AE5244-4809-4AF0-81F1-C7436CD01D02}.Release|Any CPU.ActiveCfg = Release|Any CPU
		{75AE5244-4809-4AF0-81F1-C7436CD01D02}.Release|Any CPU.Build.0 = Release|Any CPU
		{605E6610-BF5D-493E-A059-CB196A7998AE}.Debug|Any CPU.ActiveCfg = Debug|Any CPU
		{605E6610-BF5D-493E-A059-CB196A7998AE}.Debug|Any CPU.Build.0 = Debug|Any CPU
		{605E6610-BF5D-493E-A059-CB196A7998AE}.Release|Any CPU.ActiveCfg = Release|Any CPU
		{605E6610-BF5D-493E-A059-CB196A7998AE}.Release|Any CPU.Build.0 = Release|Any CPU
	EndGlobalSection
	GlobalSection(SolutionProperties) = preSolution
		HideSolutionNode = FALSE
	EndGlobalSection
	GlobalSection(NestedProjects) = preSolution
		{FB9C9C86-9433-4E1A-B06E-2B9248054C9E} = {07EA5D14-8070-42C9-83A8-C91CDDD33A29}
		{BFC96F51-369B-4F7B-AAEE-6049F54FDA84} = {07EA5D14-8070-42C9-83A8-C91CDDD33A29}
		{A474C494-3EDD-4C61-B54C-1C91E330346C} = {07EA5D14-8070-42C9-83A8-C91CDDD33A29}
		{DA56CA11-36B2-4B65-9BAA-4AF1CBF2A06E} = {07EA5D14-8070-42C9-83A8-C91CDDD33A29}
		{5FA81336-3686-446A-BDD5-C7CE11477A3D} = {07EA5D14-8070-42C9-83A8-C91CDDD33A29}
		{C997D533-5AD7-477E-A253-03EA8C76706B} = {07EA5D14-8070-42C9-83A8-C91CDDD33A29}
		{15EB7CCE-2C18-4027-B6B6-FCAA3853BB2F} = {07EA5D14-8070-42C9-83A8-C91CDDD33A29}
		{B1825AC2-4A94-4648-A447-953DEFDC7265} = {07EA5D14-8070-42C9-83A8-C91CDDD33A29}
		{0A52BC29-AEBA-4CF5-8DD3-C09452D0CCDD} = {07EA5D14-8070-42C9-83A8-C91CDDD33A29}
		{E8B8BDA6-DD82-4942-833D-64BA0C9A88AB} = {07EA5D14-8070-42C9-83A8-C91CDDD33A29}
		{E72342FB-2568-40AC-BAC9-2C0C66B074BF} = {07EA5D14-8070-42C9-83A8-C91CDDD33A29}
		{225BE6A7-6417-440A-8F40-82F4C90CA40F} = {07EA5D14-8070-42C9-83A8-C91CDDD33A29}
		{A8C1AE2F-2E91-4979-8C34-F6E975E7FFD6} = {07EA5D14-8070-42C9-83A8-C91CDDD33A29}
		{FC152AE8-55EA-49F6-8790-70828F5B141E} = {E5B85773-04A3-41AA-B7A1-AD3193EE50E5}
		{9C533DFF-DAA2-4E6F-B958-F8832FD0F780} = {E5B85773-04A3-41AA-B7A1-AD3193EE50E5}
		{A0B8626C-2D89-4F33-8D56-9BC76CB23533} = {E5B85773-04A3-41AA-B7A1-AD3193EE50E5}
		{E9399930-AA24-4331-9D0C-86C8D9C317B4} = {E5B85773-04A3-41AA-B7A1-AD3193EE50E5}
		{495F9A1B-8587-42F9-A18D-E95FC90E0F56} = {E5B85773-04A3-41AA-B7A1-AD3193EE50E5}
		{3B5B8EDB-6616-42AC-8477-4DF763A5C191} = {E5B85773-04A3-41AA-B7A1-AD3193EE50E5}
		{8D564825-2547-4288-956C-9A04508126D3} = {E5B85773-04A3-41AA-B7A1-AD3193EE50E5}
		{1E6A1B2F-2468-436B-BD33-EFEE8A8B989A} = {E5B85773-04A3-41AA-B7A1-AD3193EE50E5}
		{5707A0F5-995F-4FF0-A844-DAE47DF124CC} = {E5B85773-04A3-41AA-B7A1-AD3193EE50E5}
		{7E5F565A-B2E6-4940-A311-1C3348B726D5} = {E5B85773-04A3-41AA-B7A1-AD3193EE50E5}
		{6A10A47D-53FB-40B5-A1DE-AB51A47ACA52} = {E5B85773-04A3-41AA-B7A1-AD3193EE50E5}
		{778EC0D9-7309-44EB-9B53-9936757E18CD} = {E5B85773-04A3-41AA-B7A1-AD3193EE50E5}
		{7200DD9E-41DD-42A5-BB86-133A2ACB0679} = {A5828874-69A8-4663-BB2A-AB465223D859}
		{73C10595-0614-46A1-9231-942804273C23} = {A5828874-69A8-4663-BB2A-AB465223D859}
		{15F21846-0639-4412-98A4-43B5B67A633C} = {A5828874-69A8-4663-BB2A-AB465223D859}
		{572CB0E8-FF16-48A8-8755-5F4BD7B872A0} = {A5828874-69A8-4663-BB2A-AB465223D859}
		{75AE5244-4809-4AF0-81F1-C7436CD01D02} = {A5828874-69A8-4663-BB2A-AB465223D859}
		{605E6610-BF5D-493E-A059-CB196A7998AE} = {A5828874-69A8-4663-BB2A-AB465223D859}
		{8656C320-FB44-436B-BC4C-64604E0347D3} = {F56C92A3-5558-4B74-905E-CB93C9F05843}
		{7E00AC23-C929-4F62-9FEF-F58845B6B2DE} = {F56C92A3-5558-4B74-905E-CB93C9F05843}
	EndGlobalSection
EndGlobal
